
Microsoft Visual Studio Solution File, Format Version 12.00
# Visual Studio 15
VisualStudioVersion = 15.0.28307.489
MinimumVisualStudioVersion = 10.0.40219.1
Project("{FAE04EC0-301F-11D3-BF4B-00C04F79EFBC}") = "ContosoUniversity", "ContosoUniversity\ContosoUniversity.csproj", "{953789C2-6455-4174-B541-8278A5811EF8}"
EndProject
Global
	GlobalSection(SolutionConfigurationPlatforms) = preSolution
		Debug|Any CPU = Debug|Any CPU
		Release|Any CPU = Release|Any CPU
	EndGlobalSection
	GlobalSection(ProjectConfigurationPlatforms) = postSolution
		{953789C2-6455-4174-B541-8278A5811EF8}.Debug|Any CPU.ActiveCfg = Debug|Any CPU
		{953789C2-6455-4174-B541-8278A5811EF8}.Debug|Any CPU.Build.0 = Debug|Any CPU
		{953789C2-6455-4174-B541-8278A5811EF8}.Release|Any CPU.ActiveCfg = Release|Any CPU
		{953789C2-6455-4174-B541-8278A5811EF8}.Release|Any CPU.Build.0 = Release|Any CPU
	EndGlobalSection
	GlobalSection(SolutionProperties) = preSolution
		HideSolutionNode = FALSE
	EndGlobalSection
	GlobalSection(ExtensibilityGlobals) = postSolution
		SolutionGuid = {CF4D498B-51BC-4B7B-BA7D-7B7C02EF7146}
	EndGlobalSection
EndGlobal
